
Microsoft Visual Studio Solution File, Format Version 12.00
# Visual Studio Version 17
VisualStudioVersion = 17.7.34202.233
MinimumVisualStudioVersion = 10.0.40219.1
Project("{FAE04EC0-301F-11D3-BF4B-00C04F79EFBC}") = "Labsheet1(Q1)", "Labsheet1(Q1)\Labsheet1(Q1).csproj", "{5BF2AE53-794A-4C7A-B4B3-FEE3B0251059}"
EndProject
Project("{FAE04EC0-301F-11D3-BF4B-00C04F79EFBC}") = "Lab sheet1(Q2)", "Lab sheet1(Q2)\Lab sheet1(Q2).csproj", "{0FF12132-9762-4BB6-8271-387C9A4FDFEE}"
EndProject
Project("{FAE04EC0-301F-11D3-BF4B-00C04F79EFBC}") = "Lab sheet1(Q3)", "Lab sheet1(Q3)\Lab sheet1(Q3).csproj", "{A829C8A4-4ED6-4970-B6BB-40A3E1080412}"
EndProject
Project("{FAE04EC0-301F-11D3-BF4B-00C04F79EFBC}") = "Lab sheet1(Q4)", "Lab sheet1(Q4)\Lab sheet1(Q4).csproj", "{614F7318-5CD6-4485-B8F2-1E2141ED5049}"
EndProject
Project("{FAE04EC0-301F-11D3-BF4B-00C04F79EFBC}") = "Lab sheet1(Q5)", "Lab sheet1(Q5)\Lab sheet1(Q5).csproj", "{A57C2876-E59F-4EFD-99BB-7B15D07F9276}"
EndProject
Project("{FAE04EC0-301F-11D3-BF4B-00C04F79EFBC}") = "Lab sheet1(Q6)", "ConsoleApp1\Lab sheet1(Q6).csproj", "{1AA15E82-6F1C-4FDF-9CD2-CEB9B8D8B06B}"
EndProject
Global
	GlobalSection(SolutionConfigurationPlatforms) = preSolution
		Debug|Any CPU = Debug|Any CPU
		Release|Any CPU = Release|Any CPU
	EndGlobalSection
	GlobalSection(ProjectConfigurationPlatforms) = postSolution
		{5BF2AE53-794A-4C7A-B4B3-FEE3B0251059}.Debug|Any CPU.ActiveCfg = Debug|Any CPU
		{5BF2AE53-794A-4C7A-B4B3-FEE3B0251059}.Debug|Any CPU.Build.0 = Debug|Any CPU
		{5BF2AE53-794A-4C7A-B4B3-FEE3B0251059}.Release|Any CPU.ActiveCfg = Release|Any CPU
		{5BF2AE53-794A-4C7A-B4B3-FEE3B0251059}.Release|Any CPU.Build.0 = Release|Any CPU
		{0FF12132-9762-4BB6-8271-387C9A4FDFEE}.Debug|Any CPU.ActiveCfg = Debug|Any CPU
		{0FF12132-9762-4BB6-8271-387C9A4FDFEE}.Debug|Any CPU.Build.0 = Debug|Any CPU
		{0FF12132-9762-4BB6-8271-387C9A4FDFEE}.Release|Any CPU.ActiveCfg = Release|Any CPU
		{0FF12132-9762-4BB6-8271-387C9A4FDFEE}.Release|Any CPU.Build.0 = Release|Any CPU
		{A829C8A4-4ED6-4970-B6BB-40A3E1080412}.Debug|Any CPU.ActiveCfg = Debug|Any CPU
		{A829C8A4-4ED6-4970-B6BB-40A3E1080412}.Debug|Any CPU.Build.0 = Debug|Any CPU
		{A829C8A4-4ED6-4970-B6BB-40A3E1080412}.Release|Any CPU.ActiveCfg = Release|Any CPU
		{A829C8A4-4ED6-4970-B6BB-40A3E1080412}.Release|Any CPU.Build.0 = Release|Any CPU
		{614F7318-5CD6-4485-B8F2-1E2141ED5049}.Debug|Any CPU.ActiveCfg = Debug|Any CPU
		{614F7318-5CD6-4485-B8F2-1E2141ED5049}.Debug|Any CPU.Build.0 = Debug|Any CPU
		{614F7318-5CD6-4485-B8F2-1E2141ED5049}.Release|Any CPU.ActiveCfg = Release|Any CPU
		{614F7318-5CD6-4485-B8F2-1E2141ED5049}.Release|Any CPU.Build.0 = Release|Any CPU
		{A57C2876-E59F-4EFD-99BB-7B15D07F9276}.Debug|Any CPU.ActiveCfg = Debug|Any CPU
		{A57C2876-E59F-4EFD-99BB-7B15D07F9276}.Debug|Any CPU.Build.0 = Debug|Any CPU
		{A57C2876-E59F-4EFD-99BB-7B15D07F9276}.Release|Any CPU.ActiveCfg = Release|Any CPU
		{A57C2876-E59F-4EFD-99BB-7B15D07F9276}.Release|Any CPU.Build.0 = Release|Any CPU
		{1AA15E82-6F1C-4FDF-9CD2-CEB9B8D8B06B}.Debug|Any CPU.ActiveCfg = Debug|Any CPU
		{1AA15E82-6F1C-4FDF-9CD2-CEB9B8D8B06B}.Debug|Any CPU.Build.0 = Debug|Any CPU
		{1AA15E82-6F1C-4FDF-9CD2-CEB9B8D8B06B}.Release|Any CPU.ActiveCfg = Release|Any CPU
		{1AA15E82-6F1C-4FDF-9CD2-CEB9B8D8B06B}.Release|Any CPU.Build.0 = Release|Any CPU
	EndGlobalSection
	GlobalSection(SolutionProperties) = preSolution
		HideSolutionNode = FALSE
	EndGlobalSection
	GlobalSection(ExtensibilityGlobals) = postSolution
		SolutionGuid = {D518ACBA-3BD1-4AB4-8097-245CA671932C}
	EndGlobalSection
EndGlobal
